
Microsoft Visual Studio Solution File, Format Version 12.00
# Visual Studio 2013
VisualStudioVersion = 12.0.40629.0
MinimumVisualStudioVersion = 10.0.40219.1
Project("{E24C65DC-7377-472B-9ABA-BC803B73C61A}") = "website(35)", "http://localhost:7445", "{13E8ECC6-359E-47C1-8E75-5C6587DBFD38}"
	ProjectSection(WebsiteProperties) = preProject
		UseIISExpress = "true"
		TargetFrameworkMoniker = ".NETFramework,Version%3Dv4.5"
		ProjectReferences = "{ec7a2fd9-1a7c-4c87-b074-852309a69e0d}|eRestaurantSystem.dll;"
		Debug.AspNetCompiler.VirtualPath = "/localhost_7445"
		Debug.AspNetCompiler.PhysicalPath = "website\"
		Debug.AspNetCompiler.TargetPath = "PrecompiledWeb\localhost_7445\"
		Debug.AspNetCompiler.Updateable = "true"
		Debug.AspNetCompiler.ForceOverwrite = "true"
		Debug.AspNetCompiler.FixedNames = "false"
		Debug.AspNetCompiler.Debug = "True"
		Release.AspNetCompiler.VirtualPath = "/localhost_7445"
		Release.AspNetCompiler.PhysicalPath = "website\"
		Release.AspNetCompiler.TargetPath = "PrecompiledWeb\localhost_7445\"
		Release.AspNetCompiler.Updateable = "true"
		Release.AspNetCompiler.ForceOverwrite = "true"
		Release.AspNetCompiler.FixedNames = "false"
		Release.AspNetCompiler.Debug = "False"
		SlnRelativePath = "website\"
		DefaultWebSiteLanguage = "Visual C#"
	EndProjectSection
EndProject
Project("{FAE04EC0-301F-11D3-BF4B-00C04F79EFBC}") = "eRestaurantSystem", "eRestaurantSystem\eRestaurantSystem.csproj", "{EC7A2FD9-1A7C-4C87-B074-852309A69E0D}"
EndProject
Project("{2150E333-8FDC-42A3-9474-1A3956D46DE8}") = ".nuget", ".nuget", "{71D50F88-E9BF-4665-8991-20666C0140F1}"
	ProjectSection(SolutionItems) = preProject
		.nuget\NuGet.Config = .nuget\NuGet.Config
		.nuget\NuGet.exe = .nuget\NuGet.exe
		.nuget\NuGet.targets = .nuget\NuGet.targets
	EndProjectSection
EndProject
Global
	GlobalSection(SolutionConfigurationPlatforms) = preSolution
		Debug|Any CPU = Debug|Any CPU
		Release|Any CPU = Release|Any CPU
	EndGlobalSection
	GlobalSection(ProjectConfigurationPlatforms) = postSolution
		{13E8ECC6-359E-47C1-8E75-5C6587DBFD38}.Debug|Any CPU.ActiveCfg = Debug|Any CPU
		{13E8ECC6-359E-47C1-8E75-5C6587DBFD38}.Debug|Any CPU.Build.0 = Debug|Any CPU
		{13E8ECC6-359E-47C1-8E75-5C6587DBFD38}.Release|Any CPU.ActiveCfg = Debug|Any CPU
		{13E8ECC6-359E-47C1-8E75-5C6587DBFD38}.Release|Any CPU.Build.0 = Debug|Any CPU
		{EC7A2FD9-1A7C-4C87-B074-852309A69E0D}.Debug|Any CPU.ActiveCfg = Debug|Any CPU
		{EC7A2FD9-1A7C-4C87-B074-852309A69E0D}.Debug|Any CPU.Build.0 = Debug|Any CPU
		{EC7A2FD9-1A7C-4C87-B074-852309A69E0D}.Release|Any CPU.ActiveCfg = Release|Any CPU
		{EC7A2FD9-1A7C-4C87-B074-852309A69E0D}.Release|Any CPU.Build.0 = Release|Any CPU
	EndGlobalSection
	GlobalSection(SolutionProperties) = preSolution
		HideSolutionNode = FALSE
	EndGlobalSection
EndGlobal
