
Microsoft Visual Studio Solution File, Format Version 12.00
# Visual Studio 2013
VisualStudioVersion = 12.0.21005.1
MinimumVisualStudioVersion = 10.0.40219.1
Project("{E24C65DC-7377-472B-9ABA-BC803B73C61A}") = "eToolsWeb(2)", "http://localhost:57828", "{9B06C35C-7B6B-4C9E-ADE0-754841827CD3}"
	ProjectSection(WebsiteProperties) = preProject
		UseIISExpress = "true"
		TargetFrameworkMoniker = ".NETFramework,Version%3Dv4.5"
		ProjectReferences = "{00d03cc3-96fa-45e8-8bd5-2244ab02add8}|eToolsSystem.dll;"
		Debug.AspNetCompiler.VirtualPath = "/localhost_57828"
		Debug.AspNetCompiler.PhysicalPath = "eToolsWeb\"
		Debug.AspNetCompiler.TargetPath = "PrecompiledWeb\localhost_57828\"
		Debug.AspNetCompiler.Updateable = "true"
		Debug.AspNetCompiler.ForceOverwrite = "true"
		Debug.AspNetCompiler.FixedNames = "false"
		Debug.AspNetCompiler.Debug = "True"
		Release.AspNetCompiler.VirtualPath = "/localhost_57828"
		Release.AspNetCompiler.PhysicalPath = "eToolsWeb\"
		Release.AspNetCompiler.TargetPath = "PrecompiledWeb\localhost_57828\"
		Release.AspNetCompiler.Updateable = "true"
		Release.AspNetCompiler.ForceOverwrite = "true"
		Release.AspNetCompiler.FixedNames = "false"
		Release.AspNetCompiler.Debug = "False"
		SlnRelativePath = "eToolsWeb\"
	EndProjectSection
EndProject
Project("{FAE04EC0-301F-11D3-BF4B-00C04F79EFBC}") = "eToolsSystem", "eToolsSystem\eToolsSystem.csproj", "{00D03CC3-96FA-45E8-8BD5-2244AB02ADD8}"
EndProject
Global
	GlobalSection(SolutionConfigurationPlatforms) = preSolution
		Debug|Any CPU = Debug|Any CPU
		Release|Any CPU = Release|Any CPU
	EndGlobalSection
	GlobalSection(ProjectConfigurationPlatforms) = postSolution
		{00D03CC3-96FA-45E8-8BD5-2244AB02ADD8}.Debug|Any CPU.ActiveCfg = Debug|Any CPU
		{00D03CC3-96FA-45E8-8BD5-2244AB02ADD8}.Debug|Any CPU.Build.0 = Debug|Any CPU
		{00D03CC3-96FA-45E8-8BD5-2244AB02ADD8}.Release|Any CPU.ActiveCfg = Release|Any CPU
		{00D03CC3-96FA-45E8-8BD5-2244AB02ADD8}.Release|Any CPU.Build.0 = Release|Any CPU
		{9B06C35C-7B6B-4C9E-ADE0-754841827CD3}.Debug|Any CPU.ActiveCfg = Debug|Any CPU
		{9B06C35C-7B6B-4C9E-ADE0-754841827CD3}.Debug|Any CPU.Build.0 = Debug|Any CPU
		{9B06C35C-7B6B-4C9E-ADE0-754841827CD3}.Release|Any CPU.ActiveCfg = Debug|Any CPU
		{9B06C35C-7B6B-4C9E-ADE0-754841827CD3}.Release|Any CPU.Build.0 = Debug|Any CPU
	EndGlobalSection
	GlobalSection(SolutionProperties) = preSolution
		HideSolutionNode = FALSE
	EndGlobalSection
EndGlobal
